// !$*UTF8*$!
{
	archiveVersion = 1;
	classes = {
	};
	objectVersion = 46;
	objects = {

/* Begin PBXBuildFile section */
		25559BA09B7583100E2696DC /* libPods-DYHAnimationDemosUITests.a in Frameworks */ = {isa = PBXBuildFile; fileRef = 4A5C8B3A324E44509E9B3878 /* libPods-DYHAnimationDemosUITests.a */; };
		317CB68DF630FC10EC45AF83 /* libPods-DYHAnimationDemosTests.a in Frameworks */ = {isa = PBXBuildFile; fileRef = AB9C306FEAEE36930CF4568B /* libPods-DYHAnimationDemosTests.a */; };
		BB142D691FF12F7E002752B7 /* DYHLocationManager.m in Sources */ = {isa = PBXBuildFile; fileRef = BB142D681FF12F7E002752B7 /* DYHLocationManager.m */; };
		BB2005931E94CBB600C4161D /* DYHHelloAnimationViewController.m in Sources */ = {isa = PBXBuildFile; fileRef = BB2005921E94CBB600C4161D /* DYHHelloAnimationViewController.m */; };
		BB22EB2B1FF3918A0004045B /* DYHARKitDemo1ViewController.m in Sources */ = {isa = PBXBuildFile; fileRef = BB22EB2A1FF3918A0004045B /* DYHARKitDemo1ViewController.m */; };
		BB22EB2E1FF397AE0004045B /* DYHBaseARSceneViewController.m in Sources */ = {isa = PBXBuildFile; fileRef = BB22EB2D1FF397AE0004045B /* DYHBaseARSceneViewController.m */; };
		BB2512C11EC9D0FD00122710 /* DYHEasyTransitionViewController.m in Sources */ = {isa = PBXBuildFile; fileRef = BB2512C01EC9D0FD00122710 /* DYHEasyTransitionViewController.m */; };
		BB361CEC1EF252EA00846E8F /* DYHSceneKitResearch2ViewController.m in Sources */ = {isa = PBXBuildFile; fileRef = BB361CEB1EF252EA00846E8F /* DYHSceneKitResearch2ViewController.m */; };
		BB389AF61E893E2D00F3E1A8 /* DYHBaseAnimateSceneViewController.m in Sources */ = {isa = PBXBuildFile; fileRef = BB389AF51E893E2D00F3E1A8 /* DYHBaseAnimateSceneViewController.m */; };
		BB497C131ECAA4B6009A9C8D /* DYHBaseDestinationViewController.m in Sources */ = {isa = PBXBuildFile; fileRef = BB497C121ECAA4B6009A9C8D /* DYHBaseDestinationViewController.m */; };
		BB497C161ECAA8E5009A9C8D /* DYHEasyAnimator.m in Sources */ = {isa = PBXBuildFile; fileRef = BB497C151ECAA8E5009A9C8D /* DYHEasyAnimator.m */; };
		BB6CBE181EA89892002DDA9B /* DYHSlowLiquidBallViewController.m in Sources */ = {isa = PBXBuildFile; fileRef = BB6CBE171EA89892002DDA9B /* DYHSlowLiquidBallViewController.m */; };
		BB940AE71E8A00DF00A80A3D /* DYHPaperPlaneViewController.m in Sources */ = {isa = PBXBuildFile; fileRef = BB940AE61E8A00DF00A80A3D /* DYHPaperPlaneViewController.m */; };
		BB940AEB1E8A519900A80A3D /* DYHTipSwitchView.m in Sources */ = {isa = PBXBuildFile; fileRef = BB940AEA1E8A519900A80A3D /* DYHTipSwitchView.m */; };
		BBA330561E8CFDBD00A446BF /* DYHLiquidMenuViewController.m in Sources */ = {isa = PBXBuildFile; fileRef = BBA330551E8CFDBD00A446BF /* DYHLiquidMenuViewController.m */; };
		BBA621161E8217DF00C32540 /* DYHActiveButton.m in Sources */ = {isa = PBXBuildFile; fileRef = BBA621151E8217DF00C32540 /* DYHActiveButton.m */; };
		BBAE87721F8E15A900E48286 /* DYHSceneKitResearch3ViewController.m in Sources */ = {isa = PBXBuildFile; fileRef = BBAE87711F8E15A900E48286 /* DYHSceneKitResearch3ViewController.m */; };
		BBAE87751F8E4B0F00E48286 /* DYHSceneKitUtil.m in Sources */ = {isa = PBXBuildFile; fileRef = BBAE87741F8E4B0F00E48286 /* DYHSceneKitUtil.m */; };
		BBB291111E7797800068ACF8 /* main.m in Sources */ = {isa = PBXBuildFile; fileRef = BBB291101E7797800068ACF8 /* main.m */; };
		BBB2911C1E7797800068ACF8 /* Assets.xcassets in Resources */ = {isa = PBXBuildFile; fileRef = BBB2911B1E7797800068ACF8 /* Assets.xcassets */; };
		BBB2911F1E7797800068ACF8 /* LaunchScreen.storyboard in Resources */ = {isa = PBXBuildFile; fileRef = BBB2911D1E7797800068ACF8 /* LaunchScreen.storyboard */; };
		BBB2912A1E7797800068ACF8 /* DYHAnimationDemosTests.m in Sources */ = {isa = PBXBuildFile; fileRef = BBB291291E7797800068ACF8 /* DYHAnimationDemosTests.m */; };
		BBB291351E7797800068ACF8 /* DYHAnimationDemosUITests.m in Sources */ = {isa = PBXBuildFile; fileRef = BBB291341E7797800068ACF8 /* DYHAnimationDemosUITests.m */; };
		BBB291481E7799290068ACF8 /* RootViewController.m in Sources */ = {isa = PBXBuildFile; fileRef = BBB291471E7799290068ACF8 /* RootViewController.m */; };
		BBB2914C1E7799630068ACF8 /* AppDelegate.m in Sources */ = {isa = PBXBuildFile; fileRef = BBB2914B1E7799630068ACF8 /* AppDelegate.m */; };
		BBB491771FF09A6A0077FCC6 /* DYHSceneKitDemo1ViewController.m in Sources */ = {isa = PBXBuildFile; fileRef = BBB491761FF09A6A0077FCC6 /* DYHSceneKitDemo1ViewController.m */; };
		BBC461C11E8D1FC400C53863 /* DYHLiquidView.m in Sources */ = {isa = PBXBuildFile; fileRef = BBC461C01E8D1FC400C53863 /* DYHLiquidView.m */; };
		BBC461C41E8D26E200C53863 /* DYHCircle.m in Sources */ = {isa = PBXBuildFile; fileRef = BBC461C31E8D26E200C53863 /* DYHCircle.m */; };
		BBE106EF1E80CA820072C8EB /* DYHEasy3DViewController.m in Sources */ = {isa = PBXBuildFile; fileRef = BBE106EE1E80CA820072C8EB /* DYHEasy3DViewController.m */; };
		BBE7BDF51FD9163200728EED /* DYHUIViewPropertyAnimatorViewController.m in Sources */ = {isa = PBXBuildFile; fileRef = BBE7BDF41FD9163200728EED /* DYHUIViewPropertyAnimatorViewController.m */; };
		BBEE995D1E8F70FD00A1E434 /* DYHSubmitButtonViewController.m in Sources */ = {isa = PBXBuildFile; fileRef = BBEE995C1E8F70FD00A1E434 /* DYHSubmitButtonViewController.m */; };
		BBEE99601E8F72AA00A1E434 /* DYHAnimateSubmitButton.m in Sources */ = {isa = PBXBuildFile; fileRef = BBEE995F1E8F72AA00A1E434 /* DYHAnimateSubmitButton.m */; };
		BBF12F791EED9C0300137423 /* DYHSceneKitResearch1ViewController.m in Sources */ = {isa = PBXBuildFile; fileRef = BBF12F781EED9C0300137423 /* DYHSceneKitResearch1ViewController.m */; };
		BF809380B08DF8D22FDB54AE /* libPods-DYHAnimationDemos.a in Frameworks */ = {isa = PBXBuildFile; fileRef = C9FA736DC9CF2899A34E28D1 /* libPods-DYHAnimationDemos.a */; };
/* End PBXBuildFile section */

/* Begin PBXContainerItemProxy section */
		BBB291261E7797800068ACF8 /* PBXContainerItemProxy */ = {
			isa = PBXContainerItemProxy;
			containerPortal = BBB291041E77977F0068ACF8 /* Project object */;
			proxyType = 1;
			remoteGlobalIDString = BBB2910B1E77977F0068ACF8;
			remoteInfo = DYHAnimationDemos;
		};
		BBB291311E7797800068ACF8 /* PBXContainerItemProxy */ = {
			isa = PBXContainerItemProxy;
			containerPortal = BBB291041E77977F0068ACF8 /* Project object */;
			proxyType = 1;
			remoteGlobalIDString = BBB2910B1E77977F0068ACF8;
			remoteInfo = DYHAnimationDemos;
		};
/* End PBXContainerItemProxy section */

/* Begin PBXFileReference section */
		4A5C8B3A324E44509E9B3878 /* libPods-DYHAnimationDemosUITests.a */ = {isa = PBXFileReference; explicitFileType = archive.ar; includeInIndex = 0; path = "libPods-DYHAnimationDemosUITests.a"; sourceTree = BUILT_PRODUCTS_DIR; };
		50FE87CCCDB43AECFD96B3C6 /* Pods-DYHAnimationDemos.debug.xcconfig */ = {isa = PBXFileReference; includeInIndex = 1; lastKnownFileType = text.xcconfig; name = "Pods-DYHAnimationDemos.debug.xcconfig"; path = "Pods/Target Support Files/Pods-DYHAnimationDemos/Pods-DYHAnimationDemos.debug.xcconfig"; sourceTree = "<group>"; };
		9890B1866AD4E4E7F74208B5 /* Pods-DYHAnimationDemosUITests.debug.xcconfig */ = {isa = PBXFileReference; includeInIndex = 1; lastKnownFileType = text.xcconfig; name = "Pods-DYHAnimationDemosUITests.debug.xcconfig"; path = "Pods/Target Support Files/Pods-DYHAnimationDemosUITests/Pods-DYHAnimationDemosUITests.debug.xcconfig"; sourceTree = "<group>"; };
		AB9C306FEAEE36930CF4568B /* libPods-DYHAnimationDemosTests.a */ = {isa = PBXFileReference; explicitFileType = archive.ar; includeInIndex = 0; path = "libPods-DYHAnimationDemosTests.a"; sourceTree = BUILT_PRODUCTS_DIR; };
		B40F1D821F119623730138CA /* Pods-DYHAnimationDemos.release.xcconfig */ = {isa = PBXFileReference; includeInIndex = 1; lastKnownFileType = text.xcconfig; name = "Pods-DYHAnimationDemos.release.xcconfig"; path = "Pods/Target Support Files/Pods-DYHAnimationDemos/Pods-DYHAnimationDemos.release.xcconfig"; sourceTree = "<group>"; };
		B69E6C2538A696147AA4491E /* Pods-DYHAnimationDemosUITests.release.xcconfig */ = {isa = PBXFileReference; includeInIndex = 1; lastKnownFileType = text.xcconfig; name = "Pods-DYHAnimationDemosUITests.release.xcconfig"; path = "Pods/Target Support Files/Pods-DYHAnimationDemosUITests/Pods-DYHAnimationDemosUITests.release.xcconfig"; sourceTree = "<group>"; };
		BB142D671FF12F7E002752B7 /* DYHLocationManager.h */ = {isa = PBXFileReference; lastKnownFileType = sourcecode.c.h; path = DYHLocationManager.h; sourceTree = "<group>"; };
		BB142D681FF12F7E002752B7 /* DYHLocationManager.m */ = {isa = PBXFileReference; lastKnownFileType = sourcecode.c.objc; path = DYHLocationManager.m; sourceTree = "<group>"; };
		BB2005911E94CBB600C4161D /* DYHHelloAnimationViewController.h */ = {isa = PBXFileReference; fileEncoding = 4; lastKnownFileType = sourcecode.c.h; path = DYHHelloAnimationViewController.h; sourceTree = "<group>"; };
		BB2005921E94CBB600C4161D /* DYHHelloAnimationViewController.m */ = {isa = PBXFileReference; fileEncoding = 4; lastKnownFileType = sourcecode.c.objc; path = DYHHelloAnimationViewController.m; sourceTree = "<group>"; };
		BB22EB291FF3918A0004045B /* DYHARKitDemo1ViewController.h */ = {isa = PBXFileReference; lastKnownFileType = sourcecode.c.h; path = DYHARKitDemo1ViewController.h; sourceTree = "<group>"; };
		BB22EB2A1FF3918A0004045B /* DYHARKitDemo1ViewController.m */ = {isa = PBXFileReference; lastKnownFileType = sourcecode.c.objc; path = DYHARKitDemo1ViewController.m; sourceTree = "<group>"; };
		BB22EB2C1FF397AE0004045B /* DYHBaseARSceneViewController.h */ = {isa = PBXFileReference; lastKnownFileType = sourcecode.c.h; path = DYHBaseARSceneViewController.h; sourceTree = "<group>"; };
		BB22EB2D1FF397AE0004045B /* DYHBaseARSceneViewController.m */ = {isa = PBXFileReference; lastKnownFileType = sourcecode.c.objc; path = DYHBaseARSceneViewController.m; sourceTree = "<group>"; };
		BB2512BF1EC9D0FD00122710 /* DYHEasyTransitionViewController.h */ = {isa = PBXFileReference; fileEncoding = 4; lastKnownFileType = sourcecode.c.h; path = DYHEasyTransitionViewController.h; sourceTree = "<group>"; };
		BB2512C01EC9D0FD00122710 /* DYHEasyTransitionViewController.m */ = {isa = PBXFileReference; fileEncoding = 4; lastKnownFileType = sourcecode.c.objc; path = DYHEasyTransitionViewController.m; sourceTree = "<group>"; };
		BB361CEA1EF252EA00846E8F /* DYHSceneKitResearch2ViewController.h */ = {isa = PBXFileReference; fileEncoding = 4; lastKnownFileType = sourcecode.c.h; path = DYHSceneKitResearch2ViewController.h; sourceTree = "<group>"; };
		BB361CEB1EF252EA00846E8F /* DYHSceneKitResearch2ViewController.m */ = {isa = PBXFileReference; fileEncoding = 4; lastKnownFileType = sourcecode.c.objc; path = DYHSceneKitResearch2ViewController.m; sourceTree = "<group>"; };
		BB389AF41E893E2D00F3E1A8 /* DYHBaseAnimateSceneViewController.h */ = {isa = PBXFileReference; fileEncoding = 4; lastKnownFileType = sourcecode.c.h; path = DYHBaseAnimateSceneViewController.h; sourceTree = "<group>"; };
		BB389AF51E893E2D00F3E1A8 /* DYHBaseAnimateSceneViewController.m */ = {isa = PBXFileReference; fileEncoding = 4; lastKnownFileType = sourcecode.c.objc; path = DYHBaseAnimateSceneViewController.m; sourceTree = "<group>"; };
		BB497C111ECAA4B6009A9C8D /* DYHBaseDestinationViewController.h */ = {isa = PBXFileReference; fileEncoding = 4; lastKnownFileType = sourcecode.c.h; path = DYHBaseDestinationViewController.h; sourceTree = "<group>"; };
		BB497C121ECAA4B6009A9C8D /* DYHBaseDestinationViewController.m */ = {isa = PBXFileReference; fileEncoding = 4; lastKnownFileType = sourcecode.c.objc; path = DYHBaseDestinationViewController.m; sourceTree = "<group>"; };
		BB497C141ECAA8E5009A9C8D /* DYHEasyAnimator.h */ = {isa = PBXFileReference; fileEncoding = 4; lastKnownFileType = sourcecode.c.h; path = DYHEasyAnimator.h; sourceTree = "<group>"; };
		BB497C151ECAA8E5009A9C8D /* DYHEasyAnimator.m */ = {isa = PBXFileReference; fileEncoding = 4; lastKnownFileType = sourcecode.c.objc; path = DYHEasyAnimator.m; sourceTree = "<group>"; };
		BB6CBE161EA89892002DDA9B /* DYHSlowLiquidBallViewController.h */ = {isa = PBXFileReference; fileEncoding = 4; lastKnownFileType = sourcecode.c.h; path = DYHSlowLiquidBallViewController.h; sourceTree = "<group>"; };
		BB6CBE171EA89892002DDA9B /* DYHSlowLiquidBallViewController.m */ = {isa = PBXFileReference; fileEncoding = 4; lastKnownFileType = sourcecode.c.objc; path = DYHSlowLiquidBallViewController.m; sourceTree = "<group>"; };
		BB80D6441E779A6400399A42 /* PrefixHeader.pch */ = {isa = PBXFileReference; lastKnownFileType = sourcecode.c.h; path = PrefixHeader.pch; sourceTree = "<group>"; };
		BB940AE51E8A00DF00A80A3D /* DYHPaperPlaneViewController.h */ = {isa = PBXFileReference; fileEncoding = 4; lastKnownFileType = sourcecode.c.h; path = DYHPaperPlaneViewController.h; sourceTree = "<group>"; };
		BB940AE61E8A00DF00A80A3D /* DYHPaperPlaneViewController.m */ = {isa = PBXFileReference; fileEncoding = 4; lastKnownFileType = sourcecode.c.objc; path = DYHPaperPlaneViewController.m; sourceTree = "<group>"; };
		BB940AE91E8A519900A80A3D /* DYHTipSwitchView.h */ = {isa = PBXFileReference; fileEncoding = 4; lastKnownFileType = sourcecode.c.h; path = DYHTipSwitchView.h; sourceTree = "<group>"; };
		BB940AEA1E8A519900A80A3D /* DYHTipSwitchView.m */ = {isa = PBXFileReference; fileEncoding = 4; lastKnownFileType = sourcecode.c.objc; path = DYHTipSwitchView.m; sourceTree = "<group>"; };
		BBA330541E8CFDBD00A446BF /* DYHLiquidMenuViewController.h */ = {isa = PBXFileReference; fileEncoding = 4; lastKnownFileType = sourcecode.c.h; path = DYHLiquidMenuViewController.h; sourceTree = "<group>"; };
		BBA330551E8CFDBD00A446BF /* DYHLiquidMenuViewController.m */ = {isa = PBXFileReference; fileEncoding = 4; lastKnownFileType = sourcecode.c.objc; path = DYHLiquidMenuViewController.m; sourceTree = "<group>"; };
		BBA621141E8217DF00C32540 /* DYHActiveButton.h */ = {isa = PBXFileReference; fileEncoding = 4; lastKnownFileType = sourcecode.c.h; path = DYHActiveButton.h; sourceTree = "<group>"; };
		BBA621151E8217DF00C32540 /* DYHActiveButton.m */ = {isa = PBXFileReference; fileEncoding = 4; lastKnownFileType = sourcecode.c.objc; path = DYHActiveButton.m; sourceTree = "<group>"; };
		BBAE87701F8E15A900E48286 /* DYHSceneKitResearch3ViewController.h */ = {isa = PBXFileReference; lastKnownFileType = sourcecode.c.h; path = DYHSceneKitResearch3ViewController.h; sourceTree = "<group>"; };
		BBAE87711F8E15A900E48286 /* DYHSceneKitResearch3ViewController.m */ = {isa = PBXFileReference; lastKnownFileType = sourcecode.c.objc; path = DYHSceneKitResearch3ViewController.m; sourceTree = "<group>"; };
		BBAE87731F8E4B0F00E48286 /* DYHSceneKitUtil.h */ = {isa = PBXFileReference; lastKnownFileType = sourcecode.c.h; path = DYHSceneKitUtil.h; sourceTree = "<group>"; };
		BBAE87741F8E4B0F00E48286 /* DYHSceneKitUtil.m */ = {isa = PBXFileReference; lastKnownFileType = sourcecode.c.objc; path = DYHSceneKitUtil.m; sourceTree = "<group>"; };
		BBB2910C1E7797800068ACF8 /* DYHAnimationDemos.app */ = {isa = PBXFileReference; explicitFileType = wrapper.application; includeInIndex = 0; path = DYHAnimationDemos.app; sourceTree = BUILT_PRODUCTS_DIR; };
		BBB291101E7797800068ACF8 /* main.m */ = {isa = PBXFileReference; lastKnownFileType = sourcecode.c.objc; path = main.m; sourceTree = "<group>"; };
		BBB2911B1E7797800068ACF8 /* Assets.xcassets */ = {isa = PBXFileReference; lastKnownFileType = folder.assetcatalog; path = Assets.xcassets; sourceTree = "<group>"; };
		BBB2911E1E7797800068ACF8 /* Base */ = {isa = PBXFileReference; lastKnownFileType = file.storyboard; name = Base; path = Base.lproj/LaunchScreen.storyboard; sourceTree = "<group>"; };
		BBB291201E7797800068ACF8 /* Info.plist */ = {isa = PBXFileReference; lastKnownFileType = text.plist.xml; path = Info.plist; sourceTree = "<group>"; };
		BBB291251E7797800068ACF8 /* DYHAnimationDemosTests.xctest */ = {isa = PBXFileReference; explicitFileType = wrapper.cfbundle; includeInIndex = 0; path = DYHAnimationDemosTests.xctest; sourceTree = BUILT_PRODUCTS_DIR; };
		BBB291291E7797800068ACF8 /* DYHAnimationDemosTests.m */ = {isa = PBXFileReference; lastKnownFileType = sourcecode.c.objc; path = DYHAnimationDemosTests.m; sourceTree = "<group>"; };
		BBB2912B1E7797800068ACF8 /* Info.plist */ = {isa = PBXFileReference; lastKnownFileType = text.plist.xml; path = Info.plist; sourceTree = "<group>"; };
		BBB291301E7797800068ACF8 /* DYHAnimationDemosUITests.xctest */ = {isa = PBXFileReference; explicitFileType = wrapper.cfbundle; includeInIndex = 0; path = DYHAnimationDemosUITests.xctest; sourceTree = BUILT_PRODUCTS_DIR; };
		BBB291341E7797800068ACF8 /* DYHAnimationDemosUITests.m */ = {isa = PBXFileReference; lastKnownFileType = sourcecode.c.objc; path = DYHAnimationDemosUITests.m; sourceTree = "<group>"; };
		BBB291361E7797800068ACF8 /* Info.plist */ = {isa = PBXFileReference; lastKnownFileType = text.plist.xml; path = Info.plist; sourceTree = "<group>"; };
		BBB291461E7799290068ACF8 /* RootViewController.h */ = {isa = PBXFileReference; fileEncoding = 4; lastKnownFileType = sourcecode.c.h; path = RootViewController.h; sourceTree = "<group>"; };
		BBB291471E7799290068ACF8 /* RootViewController.m */ = {isa = PBXFileReference; fileEncoding = 4; lastKnownFileType = sourcecode.c.objc; path = RootViewController.m; sourceTree = "<group>"; };
		BBB2914A1E7799630068ACF8 /* AppDelegate.h */ = {isa = PBXFileReference; fileEncoding = 4; lastKnownFileType = sourcecode.c.h; path = AppDelegate.h; sourceTree = "<group>"; };
		BBB2914B1E7799630068ACF8 /* AppDelegate.m */ = {isa = PBXFileReference; fileEncoding = 4; lastKnownFileType = sourcecode.c.objc; path = AppDelegate.m; sourceTree = "<group>"; };
		BBB491751FF09A6A0077FCC6 /* DYHSceneKitDemo1ViewController.h */ = {isa = PBXFileReference; lastKnownFileType = sourcecode.c.h; path = DYHSceneKitDemo1ViewController.h; sourceTree = "<group>"; };
		BBB491761FF09A6A0077FCC6 /* DYHSceneKitDemo1ViewController.m */ = {isa = PBXFileReference; lastKnownFileType = sourcecode.c.objc; path = DYHSceneKitDemo1ViewController.m; sourceTree = "<group>"; };
		BBC461BF1E8D1FC400C53863 /* DYHLiquidView.h */ = {isa = PBXFileReference; fileEncoding = 4; lastKnownFileType = sourcecode.c.h; path = DYHLiquidView.h; sourceTree = "<group>"; };
		BBC461C01E8D1FC400C53863 /* DYHLiquidView.m */ = {isa = PBXFileReference; fileEncoding = 4; lastKnownFileType = sourcecode.c.objc; path = DYHLiquidView.m; sourceTree = "<group>"; };
		BBC461C21E8D26E200C53863 /* DYHCircle.h */ = {isa = PBXFileReference; fileEncoding = 4; lastKnownFileType = sourcecode.c.h; path = DYHCircle.h; sourceTree = "<group>"; };
		BBC461C31E8D26E200C53863 /* DYHCircle.m */ = {isa = PBXFileReference; fileEncoding = 4; lastKnownFileType = sourcecode.c.objc; path = DYHCircle.m; sourceTree = "<group>"; };
		BBE106ED1E80CA820072C8EB /* DYHEasy3DViewController.h */ = {isa = PBXFileReference; fileEncoding = 4; lastKnownFileType = sourcecode.c.h; path = DYHEasy3DViewController.h; sourceTree = "<group>"; };
		BBE106EE1E80CA820072C8EB /* DYHEasy3DViewController.m */ = {isa = PBXFileReference; fileEncoding = 4; lastKnownFileType = sourcecode.c.objc; path = DYHEasy3DViewController.m; sourceTree = "<group>"; };
		BBE7BDF31FD9163200728EED /* DYHUIViewPropertyAnimatorViewController.h */ = {isa = PBXFileReference; lastKnownFileType = sourcecode.c.h; path = DYHUIViewPropertyAnimatorViewController.h; sourceTree = "<group>"; };
		BBE7BDF41FD9163200728EED /* DYHUIViewPropertyAnimatorViewController.m */ = {isa = PBXFileReference; lastKnownFileType = sourcecode.c.objc; path = DYHUIViewPropertyAnimatorViewController.m; sourceTree = "<group>"; };
		BBEE995B1E8F70FD00A1E434 /* DYHSubmitButtonViewController.h */ = {isa = PBXFileReference; fileEncoding = 4; lastKnownFileType = sourcecode.c.h; path = DYHSubmitButtonViewController.h; sourceTree = "<group>"; };
		BBEE995C1E8F70FD00A1E434 /* DYHSubmitButtonViewController.m */ = {isa = PBXFileReference; fileEncoding = 4; lastKnownFileType = sourcecode.c.objc; path = DYHSubmitButtonViewController.m; sourceTree = "<group>"; };
		BBEE995E1E8F72AA00A1E434 /* DYHAnimateSubmitButton.h */ = {isa = PBXFileReference; fileEncoding = 4; lastKnownFileType = sourcecode.c.h; path = DYHAnimateSubmitButton.h; sourceTree = "<group>"; };
		BBEE995F1E8F72AA00A1E434 /* DYHAnimateSubmitButton.m */ = {isa = PBXFileReference; fileEncoding = 4; lastKnownFileType = sourcecode.c.objc; path = DYHAnimateSubmitButton.m; sourceTree = "<group>"; };
		BBF12F771EED9C0300137423 /* DYHSceneKitResearch1ViewController.h */ = {isa = PBXFileReference; fileEncoding = 4; lastKnownFileType = sourcecode.c.h; path = DYHSceneKitResearch1ViewController.h; sourceTree = "<group>"; };
		BBF12F781EED9C0300137423 /* DYHSceneKitResearch1ViewController.m */ = {isa = PBXFileReference; fileEncoding = 4; lastKnownFileType = sourcecode.c.objc; path = DYHSceneKitResearch1ViewController.m; sourceTree = "<group>"; };
		C9FA736DC9CF2899A34E28D1 /* libPods-DYHAnimationDemos.a */ = {isa = PBXFileReference; explicitFileType = archive.ar; includeInIndex = 0; path = "libPods-DYHAnimationDemos.a"; sourceTree = BUILT_PRODUCTS_DIR; };
		D470F650B96A4CF78AFEE31E /* Pods-DYHAnimationDemosTests.debug.xcconfig */ = {isa = PBXFileReference; includeInIndex = 1; lastKnownFileType = text.xcconfig; name = "Pods-DYHAnimationDemosTests.debug.xcconfig"; path = "Pods/Target Support Files/Pods-DYHAnimationDemosTests/Pods-DYHAnimationDemosTests.debug.xcconfig"; sourceTree = "<group>"; };
		E5F0796DF3908D2040C9C196 /* Pods-DYHAnimationDemosTests.release.xcconfig */ = {isa = PBXFileReference; includeInIndex = 1; lastKnownFileType = text.xcconfig; name = "Pods-DYHAnimationDemosTests.release.xcconfig"; path = "Pods/Target Support Files/Pods-DYHAnimationDemosTests/Pods-DYHAnimationDemosTests.release.xcconfig"; sourceTree = "<group>"; };
/* End PBXFileReference section */

/* Begin PBXFrameworksBuildPhase section */
		BBB291091E77977F0068ACF8 /* Frameworks */ = {
			isa = PBXFrameworksBuildPhase;
			buildActionMask = 2147483647;
			files = (
				BF809380B08DF8D22FDB54AE /* libPods-DYHAnimationDemos.a in Frameworks */,
			);
			runOnlyForDeploymentPostprocessing = 0;
		};
		BBB291221E7797800068ACF8 /* Frameworks */ = {
			isa = PBXFrameworksBuildPhase;
			buildActionMask = 2147483647;
			files = (
				317CB68DF630FC10EC45AF83 /* libPods-DYHAnimationDemosTests.a in Frameworks */,
			);
			runOnlyForDeploymentPostprocessing = 0;
		};
		BBB2912D1E7797800068ACF8 /* Frameworks */ = {
			isa = PBXFrameworksBuildPhase;
			buildActionMask = 2147483647;
			files = (
				25559BA09B7583100E2696DC /* libPods-DYHAnimationDemosUITests.a in Frameworks */,
			);
			runOnlyForDeploymentPostprocessing = 0;
		};
/* End PBXFrameworksBuildPhase section */

/* Begin PBXGroup section */
		05D515ED4467C8AA703FF8FF /* Frameworks */ = {
			isa = PBXGroup;
			children = (
				C9FA736DC9CF2899A34E28D1 /* libPods-DYHAnimationDemos.a */,
				AB9C306FEAEE36930CF4568B /* libPods-DYHAnimationDemosTests.a */,
				4A5C8B3A324E44509E9B3878 /* libPods-DYHAnimationDemosUITests.a */,
			);
			name = Frameworks;
			sourceTree = "<group>";
		};
		BB2005901E94CB9B00C4161D /* Demo5_HelloAnimation */ = {
			isa = PBXGroup;
			children = (
				BB2005911E94CBB600C4161D /* DYHHelloAnimationViewController.h */,
				BB2005921E94CBB600C4161D /* DYHHelloAnimationViewController.m */,
			);
			name = Demo5_HelloAnimation;
			path = Classes/Demo5_HelloAnimation;
			sourceTree = SOURCE_ROOT;
		};
		BB22EB281FF390E40004045B /* Demo13_ARKitDemo1 */ = {
			isa = PBXGroup;
			children = (
				BB22EB291FF3918A0004045B /* DYHARKitDemo1ViewController.h */,
				BB22EB2A1FF3918A0004045B /* DYHARKitDemo1ViewController.m */,
			);
			name = Demo13_ARKitDemo1;
			path = Classes/Demo13_ARKitDemo1;
			sourceTree = SOURCE_ROOT;
		};
		BB2512BE1EC9D0DE00122710 /* Demo7_EasyTransition */ = {
			isa = PBXGroup;
			children = (
				BB2512BF1EC9D0FD00122710 /* DYHEasyTransitionViewController.h */,
				BB2512C01EC9D0FD00122710 /* DYHEasyTransitionViewController.m */,
				BB497C141ECAA8E5009A9C8D /* DYHEasyAnimator.h */,
				BB497C151ECAA8E5009A9C8D /* DYHEasyAnimator.m */,
			);
			name = Demo7_EasyTransition;
			path = Classes/Demo7_EasyTransition;
			sourceTree = SOURCE_ROOT;
		};
		BB361CE91EF252D100846E8F /* Demo9_SceneKitResearch2 */ = {
			isa = PBXGroup;
			children = (
				BB361CEA1EF252EA00846E8F /* DYHSceneKitResearch2ViewController.h */,
				BB361CEB1EF252EA00846E8F /* DYHSceneKitResearch2ViewController.m */,
			);
			name = Demo9_SceneKitResearch2;
			path = Classes/Demo9_SceneKitResearch2;
			sourceTree = SOURCE_ROOT;
		};
		BB6CBE151EA895D2002DDA9B /* Demo6_SlowLiquidBall */ = {
			isa = PBXGroup;
			children = (
				BB6CBE161EA89892002DDA9B /* DYHSlowLiquidBallViewController.h */,
				BB6CBE171EA89892002DDA9B /* DYHSlowLiquidBallViewController.m */,
			);
			name = Demo6_SlowLiquidBall;
			path = Classes/Demo6_SlowLiquidBall;
			sourceTree = SOURCE_ROOT;
		};
		BB940AE11E89FFB500A80A3D /* Demo2_PaperPlane */ = {
			isa = PBXGroup;
			children = (
				BB940AE51E8A00DF00A80A3D /* DYHPaperPlaneViewController.h */,
				BB940AE61E8A00DF00A80A3D /* DYHPaperPlaneViewController.m */,
			);
			name = Demo2_PaperPlane;
			path = Classes/Demo2_PaperPlane;
			sourceTree = SOURCE_ROOT;
		};
		BBA330531E8CFD7100A446BF /* Demo3_LiquidMenu */ = {
			isa = PBXGroup;
			children = (
				BBA330541E8CFDBD00A446BF /* DYHLiquidMenuViewController.h */,
				BBA330551E8CFDBD00A446BF /* DYHLiquidMenuViewController.m */,
				BBC461BF1E8D1FC400C53863 /* DYHLiquidView.h */,
				BBC461C01E8D1FC400C53863 /* DYHLiquidView.m */,
				BBC461C21E8D26E200C53863 /* DYHCircle.h */,
				BBC461C31E8D26E200C53863 /* DYHCircle.m */,
			);
			name = Demo3_LiquidMenu;
			path = Classes/Demo3_LiquidMenu;
			sourceTree = SOURCE_ROOT;
		};
		BBAE876C1F8E14E000E48286 /* Demo10_SceneKitResearch3 */ = {
			isa = PBXGroup;
			children = (
				BBAE87701F8E15A900E48286 /* DYHSceneKitResearch3ViewController.h */,
				BBAE87711F8E15A900E48286 /* DYHSceneKitResearch3ViewController.m */,
			);
			name = Demo10_SceneKitResearch3;
			path = Classes/Demo10_SceneKitResearch3;
			sourceTree = SOURCE_ROOT;
		};
		BBB291031E77977F0068ACF8 = {
			isa = PBXGroup;
			children = (
				BBB2910E1E7797800068ACF8 /* DYHAnimationDemos */,
				BBB291281E7797800068ACF8 /* DYHAnimationDemosTests */,
				BBB291331E7797800068ACF8 /* DYHAnimationDemosUITests */,
				BBB2910D1E7797800068ACF8 /* Products */,
				FC83AC226152A8700C05C86C /* Pods */,
				05D515ED4467C8AA703FF8FF /* Frameworks */,
			);
			sourceTree = "<group>";
		};
		BBB2910D1E7797800068ACF8 /* Products */ = {
			isa = PBXGroup;
			children = (
				BBB2910C1E7797800068ACF8 /* DYHAnimationDemos.app */,
				BBB291251E7797800068ACF8 /* DYHAnimationDemosTests.xctest */,
				BBB291301E7797800068ACF8 /* DYHAnimationDemosUITests.xctest */,
			);
			name = Products;
			sourceTree = "<group>";
		};
		BBB2910E1E7797800068ACF8 /* DYHAnimationDemos */ = {
			isa = PBXGroup;
			children = (
				BB22EB281FF390E40004045B /* Demo13_ARKitDemo1 */,
				BBB491741FF09A500077FCC6 /* Demo12_SceneKitDemo1 */,
				BBE7BDF21FD9160700728EED /* Demo11_UIViewPropertyAnimator */,
				BBAE876C1F8E14E000E48286 /* Demo10_SceneKitResearch3 */,
				BB361CE91EF252D100846E8F /* Demo9_SceneKitResearch2 */,
				BBF12F761EED9BEA00137423 /* Demo8_SceneKitResearch1 */,
				BB2512BE1EC9D0DE00122710 /* Demo7_EasyTransition */,
				BB6CBE151EA895D2002DDA9B /* Demo6_SlowLiquidBall */,
				BB2005901E94CB9B00C4161D /* Demo5_HelloAnimation */,
				BBEE995A1E8F70C900A1E434 /* Demo4_SubmitButton */,
				BBA330531E8CFD7100A446BF /* Demo3_LiquidMenu */,
				BB940AE11E89FFB500A80A3D /* Demo2_PaperPlane */,
				BBE106EC1E80CA660072C8EB /* Demo1_Easy3D */,
				BBB490FF1E77C07300AA54D0 /* BaseComponents */,
				BBB291491E7799630068ACF8 /* AppDelegate */,
				BBB291451E7799290068ACF8 /* Root */,
				BBB2910F1E7797800068ACF8 /* Supporting Files */,
			);
			path = DYHAnimationDemos;
			sourceTree = "<group>";
		};
		BBB2910F1E7797800068ACF8 /* Supporting Files */ = {
			isa = PBXGroup;
			children = (
				BBB2911B1E7797800068ACF8 /* Assets.xcassets */,
				BBB2911D1E7797800068ACF8 /* LaunchScreen.storyboard */,
				BBB291201E7797800068ACF8 /* Info.plist */,
				BBB291101E7797800068ACF8 /* main.m */,
			);
			name = "Supporting Files";
			sourceTree = "<group>";
		};
		BBB291281E7797800068ACF8 /* DYHAnimationDemosTests */ = {
			isa = PBXGroup;
			children = (
				BBB291291E7797800068ACF8 /* DYHAnimationDemosTests.m */,
				BBB2912B1E7797800068ACF8 /* Info.plist */,
			);
			path = DYHAnimationDemosTests;
			sourceTree = "<group>";
		};
		BBB291331E7797800068ACF8 /* DYHAnimationDemosUITests */ = {
			isa = PBXGroup;
			children = (
				BBB291341E7797800068ACF8 /* DYHAnimationDemosUITests.m */,
				BBB291361E7797800068ACF8 /* Info.plist */,
			);
			path = DYHAnimationDemosUITests;
			sourceTree = "<group>";
		};
		BBB291451E7799290068ACF8 /* Root */ = {
			isa = PBXGroup;
			children = (
				BBB291461E7799290068ACF8 /* RootViewController.h */,
				BBB291471E7799290068ACF8 /* RootViewController.m */,
				BB80D6441E779A6400399A42 /* PrefixHeader.pch */,
				BBAE87731F8E4B0F00E48286 /* DYHSceneKitUtil.h */,
				BBAE87741F8E4B0F00E48286 /* DYHSceneKitUtil.m */,
				BB142D671FF12F7E002752B7 /* DYHLocationManager.h */,
				BB142D681FF12F7E002752B7 /* DYHLocationManager.m */,
			);
			name = Root;
			path = Classes/Root;
			sourceTree = SOURCE_ROOT;
		};
		BBB291491E7799630068ACF8 /* AppDelegate */ = {
			isa = PBXGroup;
			children = (
				BBB2914A1E7799630068ACF8 /* AppDelegate.h */,
				BBB2914B1E7799630068ACF8 /* AppDelegate.m */,
			);
			path = AppDelegate;
			sourceTree = "<group>";
		};
		BBB490FF1E77C07300AA54D0 /* BaseComponents */ = {
			isa = PBXGroup;
			children = (
				BBA621141E8217DF00C32540 /* DYHActiveButton.h */,
				BBA621151E8217DF00C32540 /* DYHActiveButton.m */,
				BB389AF41E893E2D00F3E1A8 /* DYHBaseAnimateSceneViewController.h */,
				BB389AF51E893E2D00F3E1A8 /* DYHBaseAnimateSceneViewController.m */,
				BB940AE91E8A519900A80A3D /* DYHTipSwitchView.h */,
				BB940AEA1E8A519900A80A3D /* DYHTipSwitchView.m */,
				BB497C111ECAA4B6009A9C8D /* DYHBaseDestinationViewController.h */,
				BB497C121ECAA4B6009A9C8D /* DYHBaseDestinationViewController.m */,
				BB22EB2C1FF397AE0004045B /* DYHBaseARSceneViewController.h */,
				BB22EB2D1FF397AE0004045B /* DYHBaseARSceneViewController.m */,
			);
			name = BaseComponents;
			path = Classes/BaseComponents;
			sourceTree = SOURCE_ROOT;
		};
		BBB491741FF09A500077FCC6 /* Demo12_SceneKitDemo1 */ = {
			isa = PBXGroup;
			children = (
				BBB491751FF09A6A0077FCC6 /* DYHSceneKitDemo1ViewController.h */,
				BBB491761FF09A6A0077FCC6 /* DYHSceneKitDemo1ViewController.m */,
			);
			name = Demo12_SceneKitDemo1;
			path = Classes/Demo12_SceneKitDemo1;
			sourceTree = SOURCE_ROOT;
		};
		BBE106EC1E80CA660072C8EB /* Demo1_Easy3D */ = {
			isa = PBXGroup;
			children = (
				BBE106ED1E80CA820072C8EB /* DYHEasy3DViewController.h */,
				BBE106EE1E80CA820072C8EB /* DYHEasy3DViewController.m */,
			);
			name = Demo1_Easy3D;
			path = Classes/Demo1_Easy3D;
			sourceTree = SOURCE_ROOT;
		};
		BBE7BDF21FD9160700728EED /* Demo11_UIViewPropertyAnimator */ = {
			isa = PBXGroup;
			children = (
				BBE7BDF31FD9163200728EED /* DYHUIViewPropertyAnimatorViewController.h */,
				BBE7BDF41FD9163200728EED /* DYHUIViewPropertyAnimatorViewController.m */,
			);
			name = Demo11_UIViewPropertyAnimator;
			path = Classes/Demo11_UIViewPropertyAnimator;
			sourceTree = SOURCE_ROOT;
		};
		BBEE995A1E8F70C900A1E434 /* Demo4_SubmitButton */ = {
			isa = PBXGroup;
			children = (
				BBEE995B1E8F70FD00A1E434 /* DYHSubmitButtonViewController.h */,
				BBEE995C1E8F70FD00A1E434 /* DYHSubmitButtonViewController.m */,
				BBEE995E1E8F72AA00A1E434 /* DYHAnimateSubmitButton.h */,
				BBEE995F1E8F72AA00A1E434 /* DYHAnimateSubmitButton.m */,
			);
			name = Demo4_SubmitButton;
			path = Classes/Demo4_SubmitButton;
			sourceTree = SOURCE_ROOT;
		};
		BBF12F761EED9BEA00137423 /* Demo8_SceneKitResearch1 */ = {
			isa = PBXGroup;
			children = (
				BBF12F771EED9C0300137423 /* DYHSceneKitResearch1ViewController.h */,
				BBF12F781EED9C0300137423 /* DYHSceneKitResearch1ViewController.m */,
			);
			name = Demo8_SceneKitResearch1;
			path = Classes/Demo8_SceneKitResearch1;
			sourceTree = SOURCE_ROOT;
		};
		FC83AC226152A8700C05C86C /* Pods */ = {
			isa = PBXGroup;
			children = (
				50FE87CCCDB43AECFD96B3C6 /* Pods-DYHAnimationDemos.debug.xcconfig */,
				B40F1D821F119623730138CA /* Pods-DYHAnimationDemos.release.xcconfig */,
				D470F650B96A4CF78AFEE31E /* Pods-DYHAnimationDemosTests.debug.xcconfig */,
				E5F0796DF3908D2040C9C196 /* Pods-DYHAnimationDemosTests.release.xcconfig */,
				9890B1866AD4E4E7F74208B5 /* Pods-DYHAnimationDemosUITests.debug.xcconfig */,
				B69E6C2538A696147AA4491E /* Pods-DYHAnimationDemosUITests.release.xcconfig */,
			);
			name = Pods;
			sourceTree = "<group>";
		};
/* End PBXGroup section */

/* Begin PBXNativeTarget section */
		BBB2910B1E77977F0068ACF8 /* DYHAnimationDemos */ = {
			isa = PBXNativeTarget;
			buildConfigurationList = BBB291391E7797800068ACF8 /* Build configuration list for PBXNativeTarget "DYHAnimationDemos" */;
			buildPhases = (
				065FE5DA103DB8B568516EC8 /* [CP] Check Pods Manifest.lock */,
				BBB291081E77977F0068ACF8 /* Sources */,
				BBB291091E77977F0068ACF8 /* Frameworks */,
				BBB2910A1E77977F0068ACF8 /* Resources */,
				D183EFC7129BF3A20B11ABD0 /* [CP] Embed Pods Frameworks */,
				1ED0D2193EEA246CE732D435 /* [CP] Copy Pods Resources */,
			);
			buildRules = (
			);
			dependencies = (
			);
			name = DYHAnimationDemos;
			productName = DYHAnimationDemos;
			productReference = BBB2910C1E7797800068ACF8 /* DYHAnimationDemos.app */;
			productType = "com.apple.product-type.application";
		};
		BBB291241E7797800068ACF8 /* DYHAnimationDemosTests */ = {
			isa = PBXNativeTarget;
			buildConfigurationList = BBB2913C1E7797800068ACF8 /* Build configuration list for PBXNativeTarget "DYHAnimationDemosTests" */;
			buildPhases = (
				8A7F25D769233A80EDB29B0B /* [CP] Check Pods Manifest.lock */,
				BBB291211E7797800068ACF8 /* Sources */,
				BBB291221E7797800068ACF8 /* Frameworks */,
				BBB291231E7797800068ACF8 /* Resources */,
				DB28E16220F49DDF75E26141 /* [CP] Embed Pods Frameworks */,
				5F3A6BE67794DDC600E158D5 /* [CP] Copy Pods Resources */,
			);
			buildRules = (
			);
			dependencies = (
				BBB291271E7797800068ACF8 /* PBXTargetDependency */,
			);
			name = DYHAnimationDemosTests;
			productName = DYHAnimationDemosTests;
			productReference = BBB291251E7797800068ACF8 /* DYHAnimationDemosTests.xctest */;
			productType = "com.apple.product-type.bundle.unit-test";
		};
		BBB2912F1E7797800068ACF8 /* DYHAnimationDemosUITests */ = {
			isa = PBXNativeTarget;
			buildConfigurationList = BBB2913F1E7797800068ACF8 /* Build configuration list for PBXNativeTarget "DYHAnimationDemosUITests" */;
			buildPhases = (
				6430274171CB6C895CA1A46F /* [CP] Check Pods Manifest.lock */,
				BBB2912C1E7797800068ACF8 /* Sources */,
				BBB2912D1E7797800068ACF8 /* Frameworks */,
				BBB2912E1E7797800068ACF8 /* Resources */,
				2216B1AB7832468B27E34563 /* [CP] Copy Pods Resources */,
			);
			buildRules = (
			);
			dependencies = (
				BBB291321E7797800068ACF8 /* PBXTargetDependency */,
			);
			name = DYHAnimationDemosUITests;
			productName = DYHAnimationDemosUITests;
			productReference = BBB291301E7797800068ACF8 /* DYHAnimationDemosUITests.xctest */;
			productType = "com.apple.product-type.bundle.ui-testing";
		};
/* End PBXNativeTarget section */

/* Begin PBXProject section */
		BBB291041E77977F0068ACF8 /* Project object */ = {
			isa = PBXProject;
			attributes = {
				LastUpgradeCheck = 0820;
				ORGANIZATIONNAME = "Dai Yunhao";
				TargetAttributes = {
					BBB2910B1E77977F0068ACF8 = {
						CreatedOnToolsVersion = 8.2;
						DevelopmentTeam = 58L36NLTL3;
						ProvisioningStyle = Automatic;
					};
					BBB291241E7797800068ACF8 = {
						CreatedOnToolsVersion = 8.2;
						DevelopmentTeam = 58L36NLTL3;
						ProvisioningStyle = Automatic;
						TestTargetID = BBB2910B1E77977F0068ACF8;
					};
					BBB2912F1E7797800068ACF8 = {
						CreatedOnToolsVersion = 8.2;
						DevelopmentTeam = 58L36NLTL3;
						ProvisioningStyle = Automatic;
						TestTargetID = BBB2910B1E77977F0068ACF8;
					};
				};
			};
			buildConfigurationList = BBB291071E77977F0068ACF8 /* Build configuration list for PBXProject "DYHAnimationDemos" */;
			compatibilityVersion = "Xcode 3.2";
			developmentRegion = English;
			hasScannedForEncodings = 0;
			knownRegions = (
				en,
				Base,
			);
			mainGroup = BBB291031E77977F0068ACF8;
			productRefGroup = BBB2910D1E7797800068ACF8 /* Products */;
			projectDirPath = "";
			projectRoot = "";
			targets = (
				BBB2910B1E77977F0068ACF8 /* DYHAnimationDemos */,
				BBB291241E7797800068ACF8 /* DYHAnimationDemosTests */,
				BBB2912F1E7797800068ACF8 /* DYHAnimationDemosUITests */,
			);
		};
/* End PBXProject section */

/* Begin PBXResourcesBuildPhase section */
		BBB2910A1E77977F0068ACF8 /* Resources */ = {
			isa = PBXResourcesBuildPhase;
			buildActionMask = 2147483647;
			files = (
				BBB2911F1E7797800068ACF8 /* LaunchScreen.storyboard in Resources */,
				BBB2911C1E7797800068ACF8 /* Assets.xcassets in Resources */,
			);
			runOnlyForDeploymentPostprocessing = 0;
		};
		BBB291231E7797800068ACF8 /* Resources */ = {
			isa = PBXResourcesBuildPhase;
			buildActionMask = 2147483647;
			files = (
			);
			runOnlyForDeploymentPostprocessing = 0;
		};
		BBB2912E1E7797800068ACF8 /* Resources */ = {
			isa = PBXResourcesBuildPhase;
			buildActionMask = 2147483647;
			files = (
			);
			runOnlyForDeploymentPostprocessing = 0;
		};
/* End PBXResourcesBuildPhase section */

/* Begin PBXShellScriptBuildPhase section */
		065FE5DA103DB8B568516EC8 /* [CP] Check Pods Manifest.lock */ = {
			isa = PBXShellScriptBuildPhase;
			buildActionMask = 2147483647;
			files = (
			);
			inputPaths = (
			);
			name = "[CP] Check Pods Manifest.lock";
			outputPaths = (
			);
			runOnlyForDeploymentPostprocessing = 0;
			shellPath = /bin/sh;
			shellScript = "diff \"${PODS_ROOT}/../Podfile.lock\" \"${PODS_ROOT}/Manifest.lock\" > /dev/null\nif [[ $? != 0 ]] ; then\n    cat << EOM\nerror: The sandbox is not in sync with the Podfile.lock. Run 'pod install' or update your CocoaPods installation.\nEOM\n    exit 1\nfi\n";
			showEnvVarsInLog = 0;
		};
		1ED0D2193EEA246CE732D435 /* [CP] Copy Pods Resources */ = {
			isa = PBXShellScriptBuildPhase;
			buildActionMask = 2147483647;
			files = (
			);
			inputPaths = (
			);
			name = "[CP] Copy Pods Resources";
			outputPaths = (
			);
			runOnlyForDeploymentPostprocessing = 0;
			shellPath = /bin/sh;
			shellScript = "\"${SRCROOT}/Pods/Target Support Files/Pods-DYHAnimationDemos/Pods-DYHAnimationDemos-resources.sh\"\n";
			showEnvVarsInLog = 0;
		};
		2216B1AB7832468B27E34563 /* [CP] Copy Pods Resources */ = {
			isa = PBXShellScriptBuildPhase;
			buildActionMask = 2147483647;
			files = (
			);
			inputPaths = (
			);
			name = "[CP] Copy Pods Resources";
			outputPaths = (
			);
			runOnlyForDeploymentPostprocessing = 0;
			shellPath = /bin/sh;
			shellScript = "\"${SRCROOT}/Pods/Target Support Files/Pods-DYHAnimationDemosUITests/Pods-DYHAnimationDemosUITests-resources.sh\"\n";
			showEnvVarsInLog = 0;
		};
		5F3A6BE67794DDC600E158D5 /* [CP] Copy Pods Resources */ = {
			isa = PBXShellScriptBuildPhase;
			buildActionMask = 2147483647;
			files = (
			);
			inputPaths = (
			);
			name = "[CP] Copy Pods Resources";
			outputPaths = (
			);
			runOnlyForDeploymentPostprocessing = 0;
			shellPath = /bin/sh;
			shellScript = "\"${SRCROOT}/Pods/Target Support Files/Pods-DYHAnimationDemosTests/Pods-DYHAnimationDemosTests-resources.sh\"\n";
			showEnvVarsInLog = 0;
		};
		6430274171CB6C895CA1A46F /* [CP] Check Pods Manifest.lock */ = {
			isa = PBXShellScriptBuildPhase;
			buildActionMask = 2147483647;
			files = (
			);
			inputPaths = (
			);
			name = "[CP] Check Pods Manifest.lock";
			outputPaths = (
			);
			runOnlyForDeploymentPostprocessing = 0;
			shellPath = /bin/sh;
			shellScript = "diff \"${PODS_ROOT}/../Podfile.lock\" \"${PODS_ROOT}/Manifest.lock\" > /dev/null\nif [[ $? != 0 ]] ; then\n    cat << EOM\nerror: The sandbox is not in sync with the Podfile.lock. Run 'pod install' or update your CocoaPods installation.\nEOM\n    exit 1\nfi\n";
			showEnvVarsInLog = 0;
		};
		8A7F25D769233A80EDB29B0B /* [CP] Check Pods Manifest.lock */ = {
			isa = PBXShellScriptBuildPhase;
			buildActionMask = 2147483647;
			files = (
			);
			inputPaths = (
			);
			name = "[CP] Check Pods Manifest.lock";
			outputPaths = (
			);
			runOnlyForDeploymentPostprocessing = 0;
			shellPath = /bin/sh;
			shellScript = "diff \"${PODS_ROOT}/../Podfile.lock\" \"${PODS_ROOT}/Manifest.lock\" > /dev/null\nif [[ $? != 0 ]] ; then\n    cat << EOM\nerror: The sandbox is not in sync with the Podfile.lock. Run 'pod install' or update your CocoaPods installation.\nEOM\n    exit 1\nfi\n";
			showEnvVarsInLog = 0;
		};
		D183EFC7129BF3A20B11ABD0 /* [CP] Embed Pods Frameworks */ = {
			isa = PBXShellScriptBuildPhase;
			buildActionMask = 2147483647;
			files = (
			);
			inputPaths = (
			);
			name = "[CP] Embed Pods Frameworks";
			outputPaths = (
			);
			runOnlyForDeploymentPostprocessing = 0;
			shellPath = /bin/sh;
			shellScript = "\"${SRCROOT}/Pods/Target Support Files/Pods-DYHAnimationDemos/Pods-DYHAnimationDemos-frameworks.sh\"\n";
			showEnvVarsInLog = 0;
		};
		DB28E16220F49DDF75E26141 /* [CP] Embed Pods Frameworks */ = {
			isa = PBXShellScriptBuildPhase;
			buildActionMask = 2147483647;
			files = (
			);
			inputPaths = (
			);
			name = "[CP] Embed Pods Frameworks";
			outputPaths = (
			);
			runOnlyForDeploymentPostprocessing = 0;
			shellPath = /bin/sh;
			shellScript = "\"${SRCROOT}/Pods/Target Support Files/Pods-DYHAnimationDemosTests/Pods-DYHAnimationDemosTests-frameworks.sh\"\n";
			showEnvVarsInLog = 0;
		};
/* End PBXShellScriptBuildPhase section */

/* Begin PBXSourcesBuildPhase section */
		BBB291081E77977F0068ACF8 /* Sources */ = {
			isa = PBXSourcesBuildPhase;
			buildActionMask = 2147483647;
			files = (
				BBA330561E8CFDBD00A446BF /* DYHLiquidMenuViewController.m in Sources */,
				BBB2914C1E7799630068ACF8 /* AppDelegate.m in Sources */,
				BBEE995D1E8F70FD00A1E434 /* DYHSubmitButtonViewController.m in Sources */,
				BBA621161E8217DF00C32540 /* DYHActiveButton.m in Sources */,
				BB142D691FF12F7E002752B7 /* DYHLocationManager.m in Sources */,
				BB389AF61E893E2D00F3E1A8 /* DYHBaseAnimateSceneViewController.m in Sources */,
				BB6CBE181EA89892002DDA9B /* DYHSlowLiquidBallViewController.m in Sources */,
				BB22EB2B1FF3918A0004045B /* DYHARKitDemo1ViewController.m in Sources */,
				BBB491771FF09A6A0077FCC6 /* DYHSceneKitDemo1ViewController.m in Sources */,
				BBE7BDF51FD9163200728EED /* DYHUIViewPropertyAnimatorViewController.m in Sources */,
				BBC461C41E8D26E200C53863 /* DYHCircle.m in Sources */,
				BB2512C11EC9D0FD00122710 /* DYHEasyTransitionViewController.m in Sources */,
				BBF12F791EED9C0300137423 /* DYHSceneKitResearch1ViewController.m in Sources */,
				BBAE87721F8E15A900E48286 /* DYHSceneKitResearch3ViewController.m in Sources */,
				BBE106EF1E80CA820072C8EB /* DYHEasy3DViewController.m in Sources */,
				BB940AEB1E8A519900A80A3D /* DYHTipSwitchView.m in Sources */,
				BB2005931E94CBB600C4161D /* DYHHelloAnimationViewController.m in Sources */,
				BB361CEC1EF252EA00846E8F /* DYHSceneKitResearch2ViewController.m in Sources */,
				BBC461C11E8D1FC400C53863 /* DYHLiquidView.m in Sources */,
				BB22EB2E1FF397AE0004045B /* DYHBaseARSceneViewController.m in Sources */,
				BB497C161ECAA8E5009A9C8D /* DYHEasyAnimator.m in Sources */,
				BBEE99601E8F72AA00A1E434 /* DYHAnimateSubmitButton.m in Sources */,
				BBAE87751F8E4B0F00E48286 /* DYHSceneKitUtil.m in Sources */,
				BB497C131ECAA4B6009A9C8D /* DYHBaseDestinationViewController.m in Sources */,
				BB940AE71E8A00DF00A80A3D /* DYHPaperPlaneViewController.m in Sources */,
				BBB291111E7797800068ACF8 /* main.m in Sources */,
				BBB291481E7799290068ACF8 /* RootViewController.m in Sources */,
			);
			runOnlyForDeploymentPostprocessing = 0;
		};
		BBB291211E7797800068ACF8 /* Sources */ = {
			isa = PBXSourcesBuildPhase;
			buildActionMask = 2147483647;
			files = (
				BBB2912A1E7797800068ACF8 /* DYHAnimationDemosTests.m in Sources */,
			);
			runOnlyForDeploymentPostprocessing = 0;
		};
		BBB2912C1E7797800068ACF8 /* Sources */ = {
			isa = PBXSourcesBuildPhase;
			buildActionMask = 2147483647;
			files = (
				BBB291351E7797800068ACF8 /* DYHAnimationDemosUITests.m in Sources */,
			);
			runOnlyForDeploymentPostprocessing = 0;
		};
/* End PBXSourcesBuildPhase section */

/* Begin PBXTargetDependency section */
		BBB291271E7797800068ACF8 /* PBXTargetDependency */ = {
			isa = PBXTargetDependency;
			target = BBB2910B1E77977F0068ACF8 /* DYHAnimationDemos */;
			targetProxy = BBB291261E7797800068ACF8 /* PBXContainerItemProxy */;
		};
		BBB291321E7797800068ACF8 /* PBXTargetDependency */ = {
			isa = PBXTargetDependency;
			target = BBB2910B1E77977F0068ACF8 /* DYHAnimationDemos */;
			targetProxy = BBB291311E7797800068ACF8 /* PBXContainerItemProxy */;
		};
/* End PBXTargetDependency section */

/* Begin PBXVariantGroup section */
		BBB2911D1E7797800068ACF8 /* LaunchScreen.storyboard */ = {
			isa = PBXVariantGroup;
			children = (
				BBB2911E1E7797800068ACF8 /* Base */,
			);
			name = LaunchScreen.storyboard;
			sourceTree = "<group>";
		};
/* End PBXVariantGroup section */

/* Begin XCBuildConfiguration section */
		BBB291371E7797800068ACF8 /* Debug */ = {
			isa = XCBuildConfiguration;
			buildSettings = {
				ALWAYS_SEARCH_USER_PATHS = NO;
				CLANG_ANALYZER_NONNULL = YES;
				CLANG_CXX_LANGUAGE_STANDARD = "gnu++0x";
				CLANG_CXX_LIBRARY = "libc++";
				CLANG_ENABLE_MODULES = YES;
				CLANG_ENABLE_OBJC_ARC = YES;
				CLANG_WARN_BOOL_CONVERSION = YES;
				CLANG_WARN_CONSTANT_CONVERSION = YES;
				CLANG_WARN_DIRECT_OBJC_ISA_USAGE = YES_ERROR;
				CLANG_WARN_DOCUMENTATION_COMMENTS = YES;
				CLANG_WARN_EMPTY_BODY = YES;
				CLANG_WARN_ENUM_CONVERSION = YES;
				CLANG_WARN_INFINITE_RECURSION = YES;
				CLANG_WARN_INT_CONVERSION = YES;
				CLANG_WARN_OBJC_ROOT_CLASS = YES_ERROR;
				CLANG_WARN_SUSPICIOUS_MOVE = YES;
				CLANG_WARN_UNREACHABLE_CODE = YES;
				CLANG_WARN__DUPLICATE_METHOD_MATCH = YES;
				"CODE_SIGN_IDENTITY[sdk=iphoneos*]" = "iPhone Developer";
				COPY_PHASE_STRIP = NO;
				DEBUG_INFORMATION_FORMAT = dwarf;
				ENABLE_STRICT_OBJC_MSGSEND = YES;
				ENABLE_TESTABILITY = YES;
				GCC_C_LANGUAGE_STANDARD = gnu99;
				GCC_DYNAMIC_NO_PIC = NO;
				GCC_NO_COMMON_BLOCKS = YES;
				GCC_OPTIMIZATION_LEVEL = 0;
				GCC_PREPROCESSOR_DEFINITIONS = (
					"DEBUG=1",
					"$(inherited)",
				);
				GCC_WARN_64_TO_32_BIT_CONVERSION = YES;
				GCC_WARN_ABOUT_RETURN_TYPE = YES_ERROR;
				GCC_WARN_UNDECLARED_SELECTOR = YES;
				GCC_WARN_UNINITIALIZED_AUTOS = YES_AGGRESSIVE;
				GCC_WARN_UNUSED_FUNCTION = YES;
				GCC_WARN_UNUSED_VARIABLE = YES;
				IPHONEOS_DEPLOYMENT_TARGET = 10.2;
				MTL_ENABLE_DEBUG_INFO = YES;
				ONLY_ACTIVE_ARCH = YES;
				SDKROOT = iphoneos;
				TARGETED_DEVICE_FAMILY = "1,2";
			};
			name = Debug;
		};
		BBB291381E7797800068ACF8 /* Release */ = {
			isa = XCBuildConfiguration;
			buildSettings = {
				ALWAYS_SEARCH_USER_PATHS = NO;
				CLANG_ANALYZER_NONNULL = YES;
				CLANG_CXX_LANGUAGE_STANDARD = "gnu++0x";
				CLANG_CXX_LIBRARY = "libc++";
				CLANG_ENABLE_MODULES = YES;
				CLANG_ENABLE_OBJC_ARC = YES;
				CLANG_WARN_BOOL_CONVERSION = YES;
				CLANG_WARN_CONSTANT_CONVERSION = YES;
				CLANG_WARN_DIRECT_OBJC_ISA_USAGE = YES_ERROR;
				CLANG_WARN_DOCUMENTATION_COMMENTS = YES;
				CLANG_WARN_EMPTY_BODY = YES;
				CLANG_WARN_ENUM_CONVERSION = YES;
				CLANG_WARN_INFINITE_RECURSION = YES;
				CLANG_WARN_INT_CONVERSION = YES;
				CLANG_WARN_OBJC_ROOT_CLASS = YES_ERROR;
				CLANG_WARN_SUSPICIOUS_MOVE = YES;
				CLANG_WARN_UNREACHABLE_CODE = YES;
				CLANG_WARN__DUPLICATE_METHOD_MATCH = YES;
				"CODE_SIGN_IDENTITY[sdk=iphoneos*]" = "iPhone Developer";
				COPY_PHASE_STRIP = NO;
				DEBUG_INFORMATION_FORMAT = "dwarf-with-dsym";
				ENABLE_NS_ASSERTIONS = NO;
				ENABLE_STRICT_OBJC_MSGSEND = YES;
				GCC_C_LANGUAGE_STANDARD = gnu99;
				GCC_NO_COMMON_BLOCKS = YES;
				GCC_WARN_64_TO_32_BIT_CONVERSION = YES;
				GCC_WARN_ABOUT_RETURN_TYPE = YES_ERROR;
				GCC_WARN_UNDECLARED_SELECTOR = YES;
				GCC_WARN_UNINITIALIZED_AUTOS = YES_AGGRESSIVE;
				GCC_WARN_UNUSED_FUNCTION = YES;
				GCC_WARN_UNUSED_VARIABLE = YES;
				IPHONEOS_DEPLOYMENT_TARGET = 10.2;
				MTL_ENABLE_DEBUG_INFO = NO;
				SDKROOT = iphoneos;
				TARGETED_DEVICE_FAMILY = "1,2";
				VALIDATE_PRODUCT = YES;
			};
			name = Release;
		};
		BBB2913A1E7797800068ACF8 /* Debug */ = {
			isa = XCBuildConfiguration;
			baseConfigurationReference = 50FE87CCCDB43AECFD96B3C6 /* Pods-DYHAnimationDemos.debug.xcconfig */;
			buildSettings = {
				ASSETCATALOG_COMPILER_APPICON_NAME = AppIcon;
				DEVELOPMENT_TEAM = 58L36NLTL3;
				GCC_PREFIX_HEADER = "$(SRCROOT)/Classes/Root/PrefixHeader.pch";
				INFOPLIST_FILE = DYHAnimationDemos/Info.plist;
				IPHONEOS_DEPLOYMENT_TARGET = 11.0;
				LD_RUNPATH_SEARCH_PATHS = "$(inherited) @executable_path/Frameworks";
				PRODUCT_BUNDLE_IDENTIFIER = me.daiyunhao.DYHAnimationDemos;
				PRODUCT_NAME = "$(TARGET_NAME)";
			};
			name = Debug;
		};
		BBB2913B1E7797800068ACF8 /* Release */ = {
			isa = XCBuildConfiguration;
			baseConfigurationReference = B40F1D821F119623730138CA /* Pods-DYHAnimationDemos.release.xcconfig */;
			buildSettings = {
				ASSETCATALOG_COMPILER_APPICON_NAME = AppIcon;
				DEVELOPMENT_TEAM = 58L36NLTL3;
				GCC_PREFIX_HEADER = "$(SRCROOT)/Classes/Root/PrefixHeader.pch";
				INFOPLIST_FILE = DYHAnimationDemos/Info.plist;
				IPHONEOS_DEPLOYMENT_TARGET = 11.0;
				LD_RUNPATH_SEARCH_PATHS = "$(inherited) @executable_path/Frameworks";
				PRODUCT_BUNDLE_IDENTIFIER = me.daiyunhao.DYHAnimationDemos;
				PRODUCT_NAME = "$(TARGET_NAME)";
			};
			name = Release;
		};
		BBB2913D1E7797800068ACF8 /* Debug */ = {
			isa = XCBuildConfiguration;
			baseConfigurationReference = D470F650B96A4CF78AFEE31E /* Pods-DYHAnimationDemosTests.debug.xcconfig */;
			buildSettings = {
				BUNDLE_LOADER = "$(TEST_HOST)";
				DEVELOPMENT_TEAM = 58L36NLTL3;
				INFOPLIST_FILE = DYHAnimationDemosTests/Info.plist;
				LD_RUNPATH_SEARCH_PATHS = "$(inherited) @executable_path/Frameworks @loader_path/Frameworks";
				PRODUCT_BUNDLE_IDENTIFIER = me.daiyunhao.DYHAnimationDemosTests;
				PRODUCT_NAME = "$(TARGET_NAME)";
				TEST_HOST = "$(BUILT_PRODUCTS_DIR)/DYHAnimationDemos.app/DYHAnimationDemos";
			};
			name = Debug;
		};
		BBB2913E1E7797800068ACF8 /* Release */ = {
			isa = XCBuildConfiguration;
			baseConfigurationReference = E5F0796DF3908D2040C9C196 /* Pods-DYHAnimationDemosTests.release.xcconfig */;
			buildSettings = {
				BUNDLE_LOADER = "$(TEST_HOST)";
				DEVELOPMENT_TEAM = 58L36NLTL3;
				INFOPLIST_FILE = DYHAnimationDemosTests/Info.plist;
				LD_RUNPATH_SEARCH_PATHS = "$(inherited) @executable_path/Frameworks @loader_path/Frameworks";
				PRODUCT_BUNDLE_IDENTIFIER = me.daiyunhao.DYHAnimationDemosTests;
				PRODUCT_NAME = "$(TARGET_NAME)";
				TEST_HOST = "$(BUILT_PRODUCTS_DIR)/DYHAnimationDemos.app/DYHAnimationDemos";
			};
			name = Release;
		};
		BBB291401E7797800068ACF8 /* Debug */ = {
			isa = XCBuildConfiguration;
			baseConfigurationReference = 9890B1866AD4E4E7F74208B5 /* Pods-DYHAnimationDemosUITests.debug.xcconfig */;
			buildSettings = {
				DEVELOPMENT_TEAM = 58L36NLTL3;
				INFOPLIST_FILE = DYHAnimationDemosUITests/Info.plist;
				LD_RUNPATH_SEARCH_PATHS = "$(inherited) @executable_path/Frameworks @loader_path/Frameworks";
				PRODUCT_BUNDLE_IDENTIFIER = me.daiyunhao.DYHAnimationDemosUITests;
				PRODUCT_NAME = "$(TARGET_NAME)";
				TEST_TARGET_NAME = DYHAnimationDemos;
			};
			name = Debug;
		};
		BBB291411E7797800068ACF8 /* Release */ = {
			isa = XCBuildConfiguration;
			baseConfigurationReference = B69E6C2538A696147AA4491E /* Pods-DYHAnimationDemosUITests.release.xcconfig */;
			buildSettings = {
				DEVELOPMENT_TEAM = 58L36NLTL3;
				INFOPLIST_FILE = DYHAnimationDemosUITests/Info.plist;
				LD_RUNPATH_SEARCH_PATHS = "$(inherited) @executable_path/Frameworks @loader_path/Frameworks";
				PRODUCT_BUNDLE_IDENTIFIER = me.daiyunhao.DYHAnimationDemosUITests;
				PRODUCT_NAME = "$(TARGET_NAME)";
				TEST_TARGET_NAME = DYHAnimationDemos;
			};
			name = Release;
		};
/* End XCBuildConfiguration section */

/* Begin XCConfigurationList section */
		BBB291071E77977F0068ACF8 /* Build configuration list for PBXProject "DYHAnimationDemos" */ = {
			isa = XCConfigurationList;
			buildConfigurations = (
				BBB291371E7797800068ACF8 /* Debug */,
				BBB291381E7797800068ACF8 /* Release */,
			);
			defaultConfigurationIsVisible = 0;
			defaultConfigurationName = Release;
		};
		BBB291391E7797800068ACF8 /* Build configuration list for PBXNativeTarget "DYHAnimationDemos" */ = {
			isa = XCConfigurationList;
			buildConfigurations = (
				BBB2913A1E7797800068ACF8 /* Debug */,
				BBB2913B1E7797800068ACF8 /* Release */,
			);
			defaultConfigurationIsVisible = 0;
			defaultConfigurationName = Release;
		};
		BBB2913C1E7797800068ACF8 /* Build configuration list for PBXNativeTarget "DYHAnimationDemosTests" */ = {
			isa = XCConfigurationList;
			buildConfigurations = (
				BBB2913D1E7797800068ACF8 /* Debug */,
				BBB2913E1E7797800068ACF8 /* Release */,
			);
			defaultConfigurationIsVisible = 0;
			defaultConfigurationName = Release;
		};
		BBB2913F1E7797800068ACF8 /* Build configuration list for PBXNativeTarget "DYHAnimationDemosUITests" */ = {
			isa = XCConfigurationList;
			buildConfigurations = (
				BBB291401E7797800068ACF8 /* Debug */,
				BBB291411E7797800068ACF8 /* Release */,
			);
			defaultConfigurationIsVisible = 0;
			defaultConfigurationName = Release;
		};
/* End XCConfigurationList section */
	};
	rootObject = BBB291041E77977F0068ACF8 /* Project object */;
}
